
Microsoft Visual Studio Solution File, Format Version 12.00
# Visual Studio Version 16
VisualStudioVersion = 16.0.30114.105
MinimumVisualStudioVersion = 10.0.40219.1
Project("{FAE04EC0-301F-11D3-BF4B-00C04F79EFBC}") = "TimeApp", "TimeApp.csproj", "{5EDA27B3-1B0B-428F-AF4A-755DC339D6E8}"
EndProject
Global
	GlobalSection(SolutionConfigurationPlatforms) = preSolution
		Debug|Any CPU = Debug|Any CPU
		Release|Any CPU = Release|Any CPU
	EndGlobalSection
	GlobalSection(ProjectConfigurationPlatforms) = postSolution
		{5EDA27B3-1B0B-428F-AF4A-755DC339D6E8}.Debug|Any CPU.ActiveCfg = Debug|Any CPU
		{5EDA27B3-1B0B-428F-AF4A-755DC339D6E8}.Debug|Any CPU.Build.0 = Debug|Any CPU
		{5EDA27B3-1B0B-428F-AF4A-755DC339D6E8}.Release|Any CPU.ActiveCfg = Release|Any CPU
		{5EDA27B3-1B0B-428F-AF4A-755DC339D6E8}.Release|Any CPU.Build.0 = Release|Any CPU
	EndGlobalSection
	GlobalSection(SolutionProperties) = preSolution
		HideSolutionNode = FALSE
	EndGlobalSection
	GlobalSection(ExtensibilityGlobals) = postSolution
		SolutionGuid = {34C41280-B43E-41CF-8FC3-084B2E68FF2A}
	EndGlobalSection
EndGlobal
